
Microsoft Visual Studio Solution File, Format Version 12.00
# Visual Studio Version 17
VisualStudioVersion = 17.13.35931.197 d17.13
MinimumVisualStudioVersion = 10.0.40219.1
Project("{FAE04EC0-301F-11D3-BF4B-00C04F79EFBC}") = "WpfApp_03_ToolBox", "WpfApp_03_ToolBox\WpfApp_03_ToolBox.csproj", "{36D7EE32-5465-4FBC-8E9C-E2AB2F044216}"
EndProject
Global
	GlobalSection(SolutionConfigurationPlatforms) = preSolution
		Debug|Any CPU = Debug|Any CPU
		Release|Any CPU = Release|Any CPU
	EndGlobalSection
	GlobalSection(ProjectConfigurationPlatforms) = postSolution
		{36D7EE32-5465-4FBC-8E9C-E2AB2F044216}.Debug|Any CPU.ActiveCfg = Debug|Any CPU
		{36D7EE32-5465-4FBC-8E9C-E2AB2F044216}.Debug|Any CPU.Build.0 = Debug|Any CPU
		{36D7EE32-5465-4FBC-8E9C-E2AB2F044216}.Release|Any CPU.ActiveCfg = Release|Any CPU
		{36D7EE32-5465-4FBC-8E9C-E2AB2F044216}.Release|Any CPU.Build.0 = Release|Any CPU
	EndGlobalSection
	GlobalSection(SolutionProperties) = preSolution
		HideSolutionNode = FALSE
	EndGlobalSection
	GlobalSection(ExtensibilityGlobals) = postSolution
		SolutionGuid = {98B6584E-3F2B-44AA-AD41-C2756F9653F4}
	EndGlobalSection
EndGlobal
