
Microsoft Visual Studio Solution File, Format Version 12.00
# Visual Studio Version 17
VisualStudioVersion = 17.13.35931.197 d17.13
MinimumVisualStudioVersion = 10.0.40219.1
Project("{FAE04EC0-301F-11D3-BF4B-00C04F79EFBC}") = "WpfApp_04_GridPractice_LoginForm", "WpfApp_04_GridPractice_LoginForm\WpfApp_04_GridPractice_LoginForm.csproj", "{0C20A202-2F74-472C-86EE-D04DC56698EB}"
EndProject
Global
	GlobalSection(SolutionConfigurationPlatforms) = preSolution
		Debug|Any CPU = Debug|Any CPU
		Release|Any CPU = Release|Any CPU
	EndGlobalSection
	GlobalSection(ProjectConfigurationPlatforms) = postSolution
		{0C20A202-2F74-472C-86EE-D04DC56698EB}.Debug|Any CPU.ActiveCfg = Debug|Any CPU
		{0C20A202-2F74-472C-86EE-D04DC56698EB}.Debug|Any CPU.Build.0 = Debug|Any CPU
		{0C20A202-2F74-472C-86EE-D04DC56698EB}.Release|Any CPU.ActiveCfg = Release|Any CPU
		{0C20A202-2F74-472C-86EE-D04DC56698EB}.Release|Any CPU.Build.0 = Release|Any CPU
	EndGlobalSection
	GlobalSection(SolutionProperties) = preSolution
		HideSolutionNode = FALSE
	EndGlobalSection
	GlobalSection(ExtensibilityGlobals) = postSolution
		SolutionGuid = {DABD6880-031B-4BEB-98F6-0C9A69664CB1}
	EndGlobalSection
EndGlobal
